
Microsoft Visual Studio Solution File, Format Version 12.00
# Visual Studio Version 17
VisualStudioVersion = 17.1.32407.343
MinimumVisualStudioVersion = 10.0.40219.1
Project("{FAE04EC0-301F-11D3-BF4B-00C04F79EFBC}") = "NanoBadges", "NanoBadges\NanoBadges.csproj", "{529D8B26-A7E2-4016-9BA6-8BC925610D9D}"
EndProject
Global
	GlobalSection(SolutionConfigurationPlatforms) = preSolution
		Debug|Any CPU = Debug|Any CPU
		Release|Any CPU = Release|Any CPU
	EndGlobalSection
	GlobalSection(ProjectConfigurationPlatforms) = postSolution
		{529D8B26-A7E2-4016-9BA6-8BC925610D9D}.Debug|Any CPU.ActiveCfg = Debug|Any CPU
		{529D8B26-A7E2-4016-9BA6-8BC925610D9D}.Debug|Any CPU.Build.0 = Debug|Any CPU
		{529D8B26-A7E2-4016-9BA6-8BC925610D9D}.Release|Any CPU.ActiveCfg = Release|Any CPU
		{529D8B26-A7E2-4016-9BA6-8BC925610D9D}.Release|Any CPU.Build.0 = Release|Any CPU
	EndGlobalSection
	GlobalSection(SolutionProperties) = preSolution
		HideSolutionNode = FALSE
	EndGlobalSection
	GlobalSection(ExtensibilityGlobals) = postSolution
		SolutionGuid = {E48A6AE8-2EE2-4DBC-A149-544F4E8CBA5E}
	EndGlobalSection
EndGlobal
